{
    "requires": true,
    "lockfileVersion": 1,
    "dependencies": {
        "pspdfkit": {
            "version": "2023.3.0",
            "resolved": "https://registry.npmjs.org/pspdfkit/-/pspdfkit-2023.3.0.tgz",
            "integrity": "sha512-IontkRhq+CMyYRGcWxusfP4Z9bPLt6w+DJExyo0nSgf4JCuU1HpmivR7h8z8b0r0fmQnbgkp4wkpqfNDSNCbUQ=="
        }
    }
}
